
Microsoft Visual Studio Solution File, Format Version 12.00
# Visual Studio Version 16
VisualStudioVersion = 16.0.29905.134
MinimumVisualStudioVersion = 10.0.40219.1
Project("{FAE04EC0-301F-11D3-BF4B-00C04F79EFBC}") = "Cw2", "Cw2.csproj", "{A118212A-6A45-45D7-97FF-5E17F10DAFB3}"
EndProject
Global
	GlobalSection(SolutionConfigurationPlatforms) = preSolution
		Debug|Any CPU = Debug|Any CPU
		Release|Any CPU = Release|Any CPU
	EndGlobalSection
	GlobalSection(ProjectConfigurationPlatforms) = postSolution
		{A118212A-6A45-45D7-97FF-5E17F10DAFB3}.Debug|Any CPU.ActiveCfg = Debug|Any CPU
		{A118212A-6A45-45D7-97FF-5E17F10DAFB3}.Debug|Any CPU.Build.0 = Debug|Any CPU
		{A118212A-6A45-45D7-97FF-5E17F10DAFB3}.Release|Any CPU.ActiveCfg = Release|Any CPU
		{A118212A-6A45-45D7-97FF-5E17F10DAFB3}.Release|Any CPU.Build.0 = Release|Any CPU
	EndGlobalSection
	GlobalSection(SolutionProperties) = preSolution
		HideSolutionNode = FALSE
	EndGlobalSection
	GlobalSection(ExtensibilityGlobals) = postSolution
		SolutionGuid = {1A3C12A9-024A-441F-97C1-100C5273C538}
	EndGlobalSection
EndGlobal
